// !$*UTF8*$!
{
	archiveVersion = 1;
	classes = {
	};
	objectVersion = 46;
	objects = {

/* Begin PBXBuildFile section */
		A288B8711A60430C00B610E0 /* main.m in Sources */ = {isa = PBXBuildFile; fileRef = A288B8701A60430C00B610E0 /* main.m */; };
		A288B8741A60430C00B610E0 /* AppDelegate.m in Sources */ = {isa = PBXBuildFile; fileRef = A288B8731A60430C00B610E0 /* AppDelegate.m */; };
		A288B8771A60430C00B610E0 /* ViewController.m in Sources */ = {isa = PBXBuildFile; fileRef = A288B8761A60430C00B610E0 /* ViewController.m */; };
		A288B87A1A60430C00B610E0 /* Main.storyboard in Resources */ = {isa = PBXBuildFile; fileRef = A288B8781A60430C00B610E0 /* Main.storyboard */; };
		A288B87C1A60430C00B610E0 /* Images.xcassets in Resources */ = {isa = PBXBuildFile; fileRef = A288B87B1A60430C00B610E0 /* Images.xcassets */; };
		A288B87F1A60430C00B610E0 /* LaunchScreen.xib in Resources */ = {isa = PBXBuildFile; fileRef = A288B87D1A60430C00B610E0 /* LaunchScreen.xib */; };
		A288B88B1A60430C00B610E0 /* Week_1_AssessmentTests.m in Sources */ = {isa = PBXBuildFile; fileRef = A288B88A1A60430C00B610E0 /* Week_1_AssessmentTests.m */; };
/* End PBXBuildFile section */

/* Begin PBXContainerItemProxy section */
		A288B8851A60430C00B610E0 /* PBXContainerItemProxy */ = {
			isa = PBXContainerItemProxy;
			containerPortal = A288B8631A60430C00B610E0 /* Project object */;
			proxyType = 1;
			remoteGlobalIDString = A288B86A1A60430C00B610E0;
			remoteInfo = "Week 1 Assessment";
		};
/* End PBXContainerItemProxy section */

/* Begin PBXFileReference section */
		A288B86B1A60430C00B610E0 /* Week 1 Assessment.app */ = {isa = PBXFileReference; explicitFileType = wrapper.application; includeInIndex = 0; path = "Week 1 Assessment.app"; sourceTree = BUILT_PRODUCTS_DIR; };
		A288B86F1A60430C00B610E0 /* Info.plist */ = {isa = PBXFileReference; lastKnownFileType = text.plist.xml; path = Info.plist; sourceTree = "<group>"; };
		A288B8701A60430C00B610E0 /* main.m */ = {isa = PBXFileReference; lastKnownFileType = sourcecode.c.objc; path = main.m; sourceTree = "<group>"; };
		A288B8721A60430C00B610E0 /* AppDelegate.h */ = {isa = PBXFileReference; lastKnownFileType = sourcecode.c.h; path = AppDelegate.h; sourceTree = "<group>"; };
		A288B8731A60430C00B610E0 /* AppDelegate.m */ = {isa = PBXFileReference; lastKnownFileType = sourcecode.c.objc; path = AppDelegate.m; sourceTree = "<group>"; };
		A288B8751A60430C00B610E0 /* ViewController.h */ = {isa = PBXFileReference; lastKnownFileType = sourcecode.c.h; path = ViewController.h; sourceTree = "<group>"; };
		A288B8761A60430C00B610E0 /* ViewController.m */ = {isa = PBXFileReference; lastKnownFileType = sourcecode.c.objc; path = ViewController.m; sourceTree = "<group>"; };
		A288B8791A60430C00B610E0 /* Base */ = {isa = PBXFileReference; lastKnownFileType = file.storyboard; name = Base; path = Base.lproj/Main.storyboard; sourceTree = "<group>"; };
		A288B87B1A60430C00B610E0 /* Images.xcassets */ = {isa = PBXFileReference; lastKnownFileType = folder.assetcatalog; path = Images.xcassets; sourceTree = "<group>"; };
		A288B87E1A60430C00B610E0 /* Base */ = {isa = PBXFileReference; lastKnownFileType = file.xib; name = Base; path = Base.lproj/LaunchScreen.xib; sourceTree = "<group>"; };
		A288B8841A60430C00B610E0 /* Week 1 AssessmentTests.xctest */ = {isa = PBXFileReference; explicitFileType = wrapper.cfbundle; includeInIndex = 0; path = "Week 1 AssessmentTests.xctest"; sourceTree = BUILT_PRODUCTS_DIR; };
		A288B8891A60430C00B610E0 /* Info.plist */ = {isa = PBXFileReference; lastKnownFileType = text.plist.xml; path = Info.plist; sourceTree = "<group>"; };
		A288B88A1A60430C00B610E0 /* Week_1_AssessmentTests.m */ = {isa = PBXFileReference; lastKnownFileType = sourcecode.c.objc; path = Week_1_AssessmentTests.m; sourceTree = "<group>"; };
/* End PBXFileReference section */

/* Begin PBXFrameworksBuildPhase section */
		A288B8681A60430C00B610E0 /* Frameworks */ = {
			isa = PBXFrameworksBuildPhase;
			buildActionMask = 2147483647;
			files = (
			);
			runOnlyForDeploymentPostprocessing = 0;
		};
		A288B8811A60430C00B610E0 /* Frameworks */ = {
			isa = PBXFrameworksBuildPhase;
			buildActionMask = 2147483647;
			files = (
			);
			runOnlyForDeploymentPostprocessing = 0;
		};
/* End PBXFrameworksBuildPhase section */

/* Begin PBXGroup section */
		A288B8621A60430C00B610E0 = {
			isa = PBXGroup;
			children = (
				A288B86D1A60430C00B610E0 /* Week 1 Assessment */,
				A288B8871A60430C00B610E0 /* Week 1 AssessmentTests */,
				A288B86C1A60430C00B610E0 /* Products */,
			);
			sourceTree = "<group>";
		};
		A288B86C1A60430C00B610E0 /* Products */ = {
			isa = PBXGroup;
			children = (
				A288B86B1A60430C00B610E0 /* Week 1 Assessment.app */,
				A288B8841A60430C00B610E0 /* Week 1 AssessmentTests.xctest */,
			);
			name = Products;
			sourceTree = "<group>";
		};
		A288B86D1A60430C00B610E0 /* Week 1 Assessment */ = {
			isa = PBXGroup;
			children = (
				A288B8721A60430C00B610E0 /* AppDelegate.h */,
				A288B8731A60430C00B610E0 /* AppDelegate.m */,
				A288B8751A60430C00B610E0 /* ViewController.h */,
				A288B8761A60430C00B610E0 /* ViewController.m */,
				A288B8781A60430C00B610E0 /* Main.storyboard */,
				A288B87B1A60430C00B610E0 /* Images.xcassets */,
				A288B87D1A60430C00B610E0 /* LaunchScreen.xib */,
				A288B86E1A60430C00B610E0 /* Supporting Files */,
			);
			path = "Week 1 Assessment";
			sourceTree = "<group>";
		};
		A288B86E1A60430C00B610E0 /* Supporting Files */ = {
			isa = PBXGroup;
			children = (
				A288B86F1A60430C00B610E0 /* Info.plist */,
				A288B8701A60430C00B610E0 /* main.m */,
			);
			name = "Supporting Files";
			sourceTree = "<group>";
		};
		A288B8871A60430C00B610E0 /* Week 1 AssessmentTests */ = {
			isa = PBXGroup;
			children = (
				A288B88A1A60430C00B610E0 /* Week_1_AssessmentTests.m */,
				A288B8881A60430C00B610E0 /* Supporting Files */,
			);
			path = "Week 1 AssessmentTests";
			sourceTree = "<group>";
		};
		A288B8881A60430C00B610E0 /* Supporting Files */ = {
			isa = PBXGroup;
			children = (
				A288B8891A60430C00B610E0 /* Info.plist */,
			);
			name = "Supporting Files";
			sourceTree = "<group>";
		};
/* End PBXGroup section */

/* Begin PBXNativeTarget section */
		A288B86A1A60430C00B610E0 /* Week 1 Assessment */ = {
			isa = PBXNativeTarget;
			buildConfigurationList = A288B88E1A60430C00B610E0 /* Build configuration list for PBXNativeTarget "Week 1 Assessment" */;
			buildPhases = (
				A288B8671A60430C00B610E0 /* Sources */,
				A288B8681A60430C00B610E0 /* Frameworks */,
				A288B8691A60430C00B610E0 /* Resources */,
			);
			buildRules = (
			);
			dependencies = (
			);
			name = "Week 1 Assessment";
			productName = "Week 1 Assessment";
			productReference = A288B86B1A60430C00B610E0 /* Week 1 Assessment.app */;
			productType = "com.apple.product-type.application";
		};
		A288B8831A60430C00B610E0 /* Week 1 AssessmentTests */ = {
			isa = PBXNativeTarget;
			buildConfigurationList = A288B8911A60430C00B610E0 /* Build configuration list for PBXNativeTarget "Week 1 AssessmentTests" */;
			buildPhases = (
				A288B8801A60430C00B610E0 /* Sources */,
				A288B8811A60430C00B610E0 /* Frameworks */,
				A288B8821A60430C00B610E0 /* Resources */,
			);
			buildRules = (
			);
			dependencies = (
				A288B8861A60430C00B610E0 /* PBXTargetDependency */,
			);
			name = "Week 1 AssessmentTests";
			productName = "Week 1 AssessmentTests";
			productReference = A288B8841A60430C00B610E0 /* Week 1 AssessmentTests.xctest */;
			productType = "com.apple.product-type.bundle.unit-test";
		};
/* End PBXNativeTarget section */

/* Begin PBXProject section */
		A288B8631A60430C00B610E0 /* Project object */ = {
			isa = PBXProject;
			attributes = {
				LastUpgradeCheck = 0610;
				ORGANIZATIONNAME = com.Seaver;
				TargetAttributes = {
					A288B86A1A60430C00B610E0 = {
						CreatedOnToolsVersion = 6.1.1;
					};
					A288B8831A60430C00B610E0 = {
						CreatedOnToolsVersion = 6.1.1;
						TestTargetID = A288B86A1A60430C00B610E0;
					};
				};
			};
			buildConfigurationList = A288B8661A60430C00B610E0 /* Build configuration list for PBXProject "Week 1 Assessment" */;
			compatibilityVersion = "Xcode 3.2";
			developmentRegion = English;
			hasScannedForEncodings = 0;
			knownRegions = (
				en,
				Base,
			);
			mainGroup = A288B8621A60430C00B610E0;
			productRefGroup = A288B86C1A60430C00B610E0 /* Products */;
			projectDirPath = "";
			projectRoot = "";
			targets = (
				A288B86A1A60430C00B610E0 /* Week 1 Assessment */,
				A288B8831A60430C00B610E0 /* Week 1 AssessmentTests */,
			);
		};
/* End PBXProject section */

/* Begin PBXResourcesBuildPhase section */
		A288B8691A60430C00B610E0 /* Resources */ = {
			isa = PBXResourcesBuildPhase;
			buildActionMask = 2147483647;
			files = (
				A288B87A1A60430C00B610E0 /* Main.storyboard in Resources */,
				A288B87F1A60430C00B610E0 /* LaunchScreen.xib in Resources */,
				A288B87C1A60430C00B610E0 /* Images.xcassets in Resources */,
			);
			runOnlyForDeploymentPostprocessing = 0;
		};
		A288B8821A60430C00B610E0 /* Resources */ = {
			isa = PBXResourcesBuildPhase;
			buildActionMask = 2147483647;
			files = (
			);
			runOnlyForDeploymentPostprocessing = 0;
		};
/* End PBXResourcesBuildPhase section */

/* Begin PBXSourcesBuildPhase section */
		A288B8671A60430C00B610E0 /* Sources */ = {
			isa = PBXSourcesBuildPhase;
			buildActionMask = 2147483647;
			files = (
				A288B8771A60430C00B610E0 /* ViewController.m in Sources */,
				A288B8741A60430C00B610E0 /* AppDelegate.m in Sources */,
				A288B8711A60430C00B610E0 /* main.m in Sources */,
			);
			runOnlyForDeploymentPostprocessing = 0;
		};
		A288B8801A60430C00B610E0 /* Sources */ = {
			isa = PBXSourcesBuildPhase;
			buildActionMask = 2147483647;
			files = (
				A288B88B1A60430C00B610E0 /* Week_1_AssessmentTests.m in Sources */,
			);
			runOnlyForDeploymentPostprocessing = 0;
		};
/* End PBXSourcesBuildPhase section */

/* Begin PBXTargetDependency section */
		A288B8861A60430C00B610E0 /* PBXTargetDependency */ = {
			isa = PBXTargetDependency;
			target = A288B86A1A60430C00B610E0 /* Week 1 Assessment */;
			targetProxy = A288B8851A60430C00B610E0 /* PBXContainerItemProxy */;
		};
/* End PBXTargetDependency section */

/* Begin PBXVariantGroup section */
		A288B8781A60430C00B610E0 /* Main.storyboard */ = {
			isa = PBXVariantGroup;
			children = (
				A288B8791A60430C00B610E0 /* Base */,
			);
			name = Main.storyboard;
			sourceTree = "<group>";
		};
		A288B87D1A60430C00B610E0 /* LaunchScreen.xib */ = {
			isa = PBXVariantGroup;
			children = (
				A288B87E1A60430C00B610E0 /* Base */,
			);
			name = LaunchScreen.xib;
			sourceTree = "<group>";
		};
/* End PBXVariantGroup section */

/* Begin XCBuildConfiguration section */
		A288B88C1A60430C00B610E0 /* Debug */ = {
			isa = XCBuildConfiguration;
			buildSettings = {
				ALWAYS_SEARCH_USER_PATHS = NO;
				CLANG_CXX_LANGUAGE_STANDARD = "gnu++0x";
				CLANG_CXX_LIBRARY = "libc++";
				CLANG_ENABLE_MODULES = YES;
				CLANG_ENABLE_OBJC_ARC = YES;
				CLANG_WARN_BOOL_CONVERSION = YES;
				CLANG_WARN_CONSTANT_CONVERSION = YES;
				CLANG_WARN_DIRECT_OBJC_ISA_USAGE = YES_ERROR;
				CLANG_WARN_EMPTY_BODY = YES;
				CLANG_WARN_ENUM_CONVERSION = YES;
				CLANG_WARN_INT_CONVERSION = YES;
				CLANG_WARN_OBJC_ROOT_CLASS = YES_ERROR;
				CLANG_WARN_UNREACHABLE_CODE = YES;
				CLANG_WARN__DUPLICATE_METHOD_MATCH = YES;
				"CODE_SIGN_IDENTITY[sdk=iphoneos*]" = "iPhone Developer";
				COPY_PHASE_STRIP = NO;
				ENABLE_STRICT_OBJC_MSGSEND = YES;
				GCC_C_LANGUAGE_STANDARD = gnu99;
				GCC_DYNAMIC_NO_PIC = NO;
				GCC_OPTIMIZATION_LEVEL = 0;
				GCC_PREPROCESSOR_DEFINITIONS = (
					"DEBUG=1",
					"$(inherited)",
				);
				GCC_SYMBOLS_PRIVATE_EXTERN = NO;
				GCC_WARN_64_TO_32_BIT_CONVERSION = YES;
				GCC_WARN_ABOUT_RETURN_TYPE = YES_ERROR;
				GCC_WARN_UNDECLARED_SELECTOR = YES;
				GCC_WARN_UNINITIALIZED_AUTOS = YES_AGGRESSIVE;
				GCC_WARN_UNUSED_FUNCTION = YES;
				GCC_WARN_UNUSED_VARIABLE = YES;
				IPHONEOS_DEPLOYMENT_TARGET = 8.1;
				MTL_ENABLE_DEBUG_INFO = YES;
				ONLY_ACTIVE_ARCH = YES;
				SDKROOT = iphoneos;
			};
			name = Debug;
		};
		A288B88D1A60430C00B610E0 /* Release */ = {
			isa = XCBuildConfiguration;
			buildSettings = {
				ALWAYS_SEARCH_USER_PATHS = NO;
				CLANG_CXX_LANGUAGE_STANDARD = "gnu++0x";
				CLANG_CXX_LIBRARY = "libc++";
				CLANG_ENABLE_MODULES = YES;
				CLANG_ENABLE_OBJC_ARC = YES;
				CLANG_WARN_BOOL_CONVERSION = YES;
				CLANG_WARN_CONSTANT_CONVERSION = YES;
				CLANG_WARN_DIRECT_OBJC_ISA_USAGE = YES_ERROR;
				CLANG_WARN_EMPTY_BODY = YES;
				CLANG_WARN_ENUM_CONVERSION = YES;
				CLANG_WARN_INT_CONVERSION = YES;
				CLANG_WARN_OBJC_ROOT_CLASS = YES_ERROR;
				CLANG_WARN_UNREACHABLE_CODE = YES;
				CLANG_WARN__DUPLICATE_METHOD_MATCH = YES;
				"CODE_SIGN_IDENTITY[sdk=iphoneos*]" = "iPhone Developer";
				COPY_PHASE_STRIP = YES;
				ENABLE_NS_ASSERTIONS = NO;
				ENABLE_STRICT_OBJC_MSGSEND = YES;
				GCC_C_LANGUAGE_STANDARD = gnu99;
				GCC_WARN_64_TO_32_BIT_CONVERSION = YES;
				GCC_WARN_ABOUT_RETURN_TYPE = YES_ERROR;
				GCC_WARN_UNDECLARED_SELECTOR = YES;
				GCC_WARN_UNINITIALIZED_AUTOS = YES_AGGRESSIVE;
				GCC_WARN_UNUSED_FUNCTION = YES;
				GCC_WARN_UNUSED_VARIABLE = YES;
				IPHONEOS_DEPLOYMENT_TARGET = 8.1;
				MTL_ENABLE_DEBUG_INFO = NO;
				SDKROOT = iphoneos;
				VALIDATE_PRODUCT = YES;
			};
			name = Release;
		};
		A288B88F1A60430C00B610E0 /* Debug */ = {
			isa = XCBuildConfiguration;
			buildSettings = {
				ASSETCATALOG_COMPILER_APPICON_NAME = AppIcon;
				INFOPLIST_FILE = "Week 1 Assessment/Info.plist";
				LD_RUNPATH_SEARCH_PATHS = "$(inherited) @executable_path/Frameworks";
				PRODUCT_NAME = "$(TARGET_NAME)";
			};
			name = Debug;
		};
		A288B8901A60430C00B610E0 /* Release */ = {
			isa = XCBuildConfiguration;
			buildSettings = {
				ASSETCATALOG_COMPILER_APPICON_NAME = AppIcon;
				INFOPLIST_FILE = "Week 1 Assessment/Info.plist";
				LD_RUNPATH_SEARCH_PATHS = "$(inherited) @executable_path/Frameworks";
				PRODUCT_NAME = "$(TARGET_NAME)";
			};
			name = Release;
		};
		A288B8921A60430C00B610E0 /* Debug */ = {
			isa = XCBuildConfiguration;
			buildSettings = {
				BUNDLE_LOADER = "$(TEST_HOST)";
				FRAMEWORK_SEARCH_PATHS = (
					"$(SDKROOT)/Developer/Library/Frameworks",
					"$(inherited)",
				);
				GCC_PREPROCESSOR_DEFINITIONS = (
					"DEBUG=1",
					"$(inherited)",
				);
				INFOPLIST_FILE = "Week 1 AssessmentTests/Info.plist";
				LD_RUNPATH_SEARCH_PATHS = "$(inherited) @executable_path/Frameworks @loader_path/Frameworks";
				PRODUCT_NAME = "$(TARGET_NAME)";
				TEST_HOST = "$(BUILT_PRODUCTS_DIR)/Week 1 Assessment.app/Week 1 Assessment";
			};
			name = Debug;
		};
		A288B8931A60430C00B610E0 /* Release */ = {
			isa = XCBuildConfiguration;
			buildSettings = {
				BUNDLE_LOADER = "$(TEST_HOST)";
				FRAMEWORK_SEARCH_PATHS = (
					"$(SDKROOT)/Developer/Library/Frameworks",
					"$(inherited)",
				);
				INFOPLIST_FILE = "Week 1 AssessmentTests/Info.plist";
				LD_RUNPATH_SEARCH_PATHS = "$(inherited) @executable_path/Frameworks @loader_path/Frameworks";
				PRODUCT_NAME = "$(TARGET_NAME)";
				TEST_HOST = "$(BUILT_PRODUCTS_DIR)/Week 1 Assessment.app/Week 1 Assessment";
			};
			name = Release;
		};
/* End XCBuildConfiguration section */

/* Begin XCConfigurationList section */
		A288B8661A60430C00B610E0 /* Build configuration list for PBXProject "Week 1 Assessment" */ = {
			isa = XCConfigurationList;
			buildConfigurations = (
				A288B88C1A60430C00B610E0 /* Debug */,
				A288B88D1A60430C00B610E0 /* Release */,
			);
			defaultConfigurationIsVisible = 0;
			defaultConfigurationName = Release;
		};
		A288B88E1A60430C00B610E0 /* Build configuration list for PBXNativeTarget "Week 1 Assessment" */ = {
			isa = XCConfigurationList;
			buildConfigurations = (
				A288B88F1A60430C00B610E0 /* Debug */,
				A288B8901A60430C00B610E0 /* Release */,
			);
			defaultConfigurationIsVisible = 0;
		};
		A288B8911A60430C00B610E0 /* Build configuration list for PBXNativeTarget "Week 1 AssessmentTests" */ = {
			isa = XCConfigurationList;
			buildConfigurations = (
				A288B8921A60430C00B610E0 /* Debug */,
				A288B8931A60430C00B610E0 /* Release */,
			);
			defaultConfigurationIsVisible = 0;
		};
/* End XCConfigurationList section */
	};
	rootObject = A288B8631A60430C00B610E0 /* Project object */;
}
